
Microsoft Visual Studio Solution File, Format Version 12.00
# Visual Studio 14
VisualStudioVersion = 14.0.25420.1
MinimumVisualStudioVersion = 10.0.40219.1
Project("{FAE04EC0-301F-11D3-BF4B-00C04F79EFBC}") = "ControleDeEstoque", "ControleDeEstoque\ControleDeEstoque.csproj", "{FEA584C3-BDBF-43C7-A35D-8EDEFA14FDB6}"
EndProject
Project("{FAE04EC0-301F-11D3-BF4B-00C04F79EFBC}") = "dominio", "dominio\dominio.csproj", "{C6C109F2-35BD-4CAC-9EDC-1974770C5A07}"
EndProject
Project("{FAE04EC0-301F-11D3-BF4B-00C04F79EFBC}") = "infraEstrutura", "infraEstrutura\infraEstrutura.csproj", "{F5EC9089-81C6-4B7E-B392-C71A4D9D6C4B}"
EndProject
Project("{FAE04EC0-301F-11D3-BF4B-00C04F79EFBC}") = "aplicacao", "..\aplicacao\aplicacao.csproj", "{A110795A-403E-4C18-B6FF-80DEE6C3AF82}"
EndProject
Global
	GlobalSection(SolutionConfigurationPlatforms) = preSolution
		Debug|Any CPU = Debug|Any CPU
		Release|Any CPU = Release|Any CPU
	EndGlobalSection
	GlobalSection(ProjectConfigurationPlatforms) = postSolution
		{FEA584C3-BDBF-43C7-A35D-8EDEFA14FDB6}.Debug|Any CPU.ActiveCfg = Debug|Any CPU
		{FEA584C3-BDBF-43C7-A35D-8EDEFA14FDB6}.Debug|Any CPU.Build.0 = Debug|Any CPU
		{FEA584C3-BDBF-43C7-A35D-8EDEFA14FDB6}.Release|Any CPU.ActiveCfg = Release|Any CPU
		{FEA584C3-BDBF-43C7-A35D-8EDEFA14FDB6}.Release|Any CPU.Build.0 = Release|Any CPU
		{C6C109F2-35BD-4CAC-9EDC-1974770C5A07}.Debug|Any CPU.ActiveCfg = Debug|Any CPU
		{C6C109F2-35BD-4CAC-9EDC-1974770C5A07}.Debug|Any CPU.Build.0 = Debug|Any CPU
		{C6C109F2-35BD-4CAC-9EDC-1974770C5A07}.Release|Any CPU.ActiveCfg = Release|Any CPU
		{C6C109F2-35BD-4CAC-9EDC-1974770C5A07}.Release|Any CPU.Build.0 = Release|Any CPU
		{F5EC9089-81C6-4B7E-B392-C71A4D9D6C4B}.Debug|Any CPU.ActiveCfg = Debug|Any CPU
		{F5EC9089-81C6-4B7E-B392-C71A4D9D6C4B}.Debug|Any CPU.Build.0 = Debug|Any CPU
		{F5EC9089-81C6-4B7E-B392-C71A4D9D6C4B}.Release|Any CPU.ActiveCfg = Release|Any CPU
		{F5EC9089-81C6-4B7E-B392-C71A4D9D6C4B}.Release|Any CPU.Build.0 = Release|Any CPU
		{A110795A-403E-4C18-B6FF-80DEE6C3AF82}.Debug|Any CPU.ActiveCfg = Debug|Any CPU
		{A110795A-403E-4C18-B6FF-80DEE6C3AF82}.Debug|Any CPU.Build.0 = Debug|Any CPU
		{A110795A-403E-4C18-B6FF-80DEE6C3AF82}.Release|Any CPU.ActiveCfg = Release|Any CPU
		{A110795A-403E-4C18-B6FF-80DEE6C3AF82}.Release|Any CPU.Build.0 = Release|Any CPU
	EndGlobalSection
	GlobalSection(SolutionProperties) = preSolution
		HideSolutionNode = FALSE
	EndGlobalSection
EndGlobal
